
Microsoft Visual Studio Solution File, Format Version 12.00
# Visual Studio Version 17
VisualStudioVersion = 17.3.32901.215
MinimumVisualStudioVersion = 10.0.40219.1
Project("{FAE04EC0-301F-11D3-BF4B-00C04F79EFBC}") = "Queue örnek2", "Queue örnek2\Queue örnek2.csproj", "{BD6C34A6-EDED-4458-A682-4762C0D2FD0D}"
EndProject
Global
	GlobalSection(SolutionConfigurationPlatforms) = preSolution
		Debug|Any CPU = Debug|Any CPU
		Release|Any CPU = Release|Any CPU
	EndGlobalSection
	GlobalSection(ProjectConfigurationPlatforms) = postSolution
		{BD6C34A6-EDED-4458-A682-4762C0D2FD0D}.Debug|Any CPU.ActiveCfg = Debug|Any CPU
		{BD6C34A6-EDED-4458-A682-4762C0D2FD0D}.Debug|Any CPU.Build.0 = Debug|Any CPU
		{BD6C34A6-EDED-4458-A682-4762C0D2FD0D}.Release|Any CPU.ActiveCfg = Release|Any CPU
		{BD6C34A6-EDED-4458-A682-4762C0D2FD0D}.Release|Any CPU.Build.0 = Release|Any CPU
	EndGlobalSection
	GlobalSection(SolutionProperties) = preSolution
		HideSolutionNode = FALSE
	EndGlobalSection
	GlobalSection(ExtensibilityGlobals) = postSolution
		SolutionGuid = {8299AAA3-2E80-473C-9840-A85AECB321EA}
	EndGlobalSection
EndGlobal
